# @generated - this file is auto-generated by `mise lock` https://mise.jdx.dev/dev-tools/mise-lock.html

lockfile_version = 1

[[tools."aqua:BurntSushi/ripgrep"]]
version = "15.1.0"
backend = "aqua:BurntSushi/ripgrep"
specifiers = ["latest"]

[tools."aqua:BurntSushi/ripgrep"."platforms.linux-arm64"]
checksum = "sha256:2b661c6ef508e902f388e9098d9c4c5aca72c87b55922d94abdba830b4dc885e"
url = "https://github.com/BurntSushi/ripgrep/releases/download/15.1.0/ripgrep-15.1.0-aarch64-unknown-linux-gnu.tar.gz"
url_api = "https://api.github.com/repos/BurntSushi/ripgrep/releases/assets/307306472"

[tools."aqua:BurntSushi/ripgrep"."platforms.linux-x64"]
checksum = "sha256:1c9297be4a084eea7ecaedf93eb03d058d6faae29bbc57ecdaf5063921491599"
url = "https://github.com/BurntSushi/ripgrep/releases/download/15.1.0/ripgrep-15.1.0-x86_64-unknown-linux-musl.tar.gz"
url_api = "https://api.github.com/repos/BurntSushi/ripgrep/releases/assets/307306614"

[tools."aqua:BurntSushi/ripgrep"."platforms.linux-x64-musl"]
checksum = "sha256:1c9297be4a084eea7ecaedf93eb03d058d6faae29bbc57ecdaf5063921491599"
url = "https://github.com/BurntSushi/ripgrep/releases/download/15.1.0/ripgrep-15.1.0-x86_64-unknown-linux-musl.tar.gz"
url_api = "https://api.github.com/repos/BurntSushi/ripgrep/releases/assets/307306614"

[tools."aqua:BurntSushi/ripgrep"."platforms.macos-arm64"]
checksum = "sha256:378e973289176ca0c6054054ee7f631a065874a352bf43f0fa60ef079b6ba715"
url = "https://github.com/BurntSushi/ripgrep/releases/download/15.1.0/ripgrep-15.1.0-aarch64-apple-darwin.tar.gz"
url_api = "https://api.github.com/repos/BurntSushi/ripgrep/releases/assets/307305438"

[tools."aqua:BurntSushi/ripgrep"."platforms.macos-x64"]
checksum = "sha256:64811cb24e77cac3057d6c40b63ac9becf9082eedd54ca411b475b755d334882"
url = "https://github.com/BurntSushi/ripgrep/releases/download/15.1.0/ripgrep-15.1.0-x86_64-apple-darwin.tar.gz"
url_api = "https://api.github.com/repos/BurntSushi/ripgrep/releases/assets/307305422"

[tools."aqua:BurntSushi/ripgrep"."platforms.windows-x64"]
checksum = "sha256:124510b94b6baa3380d051fdf4650eaa80a302c876d611e9dba0b2e18d87493a"
url = "https://github.com/BurntSushi/ripgrep/releases/download/15.1.0/ripgrep-15.1.0-x86_64-pc-windows-msvc.zip"
url_api = "https://api.github.com/repos/BurntSushi/ripgrep/releases/assets/307305871"

[[tools."aqua:charmbracelet/gum"]]
version = "0.17.0"
backend = "aqua:charmbracelet/gum"
specifiers = ["latest"]

[tools."aqua:charmbracelet/gum"."platforms.linux-arm64"]
checksum = "sha256:b0b9ed95cbf7c8b7073f17b9591811f5c001e33c7cfd066ca83ce8a07c576f9c"
url = "https://github.com/charmbracelet/gum/releases/download/v0.17.0/gum_0.17.0_Linux_arm64.tar.gz"
url_api = "https://api.github.com/repos/charmbracelet/gum/releases/assets/290080957"

[tools."aqua:charmbracelet/gum"."platforms.linux-arm64-musl"]
checksum = "sha256:b0b9ed95cbf7c8b7073f17b9591811f5c001e33c7cfd066ca83ce8a07c576f9c"
url = "https://github.com/charmbracelet/gum/releases/download/v0.17.0/gum_0.17.0_Linux_arm64.tar.gz"
url_api = "https://api.github.com/repos/charmbracelet/gum/releases/assets/290080957"

[tools."aqua:charmbracelet/gum"."platforms.linux-x64"]
checksum = "sha256:69ee169bd6387331928864e94d47ed01ef649fbfe875baed1bbf27b5377a6fdb"
url = "https://github.com/charmbracelet/gum/releases/download/v0.17.0/gum_0.17.0_Linux_x86_64.tar.gz"
url_api = "https://api.github.com/repos/charmbracelet/gum/releases/assets/290080949"

[tools."aqua:charmbracelet/gum"."platforms.linux-x64-musl"]
checksum = "sha256:69ee169bd6387331928864e94d47ed01ef649fbfe875baed1bbf27b5377a6fdb"
url = "https://github.com/charmbracelet/gum/releases/download/v0.17.0/gum_0.17.0_Linux_x86_64.tar.gz"
url_api = "https://api.github.com/repos/charmbracelet/gum/releases/assets/290080949"

[tools."aqua:charmbracelet/gum"."platforms.macos-arm64"]
checksum = "sha256:e2a4b8596efa05821d8c58d0c1afbcd7ad1699ba69c689cc3ff23a4a99c8b237"
url = "https://github.com/charmbracelet/gum/releases/download/v0.17.0/gum_0.17.0_Darwin_arm64.tar.gz"
url_api = "https://api.github.com/repos/charmbracelet/gum/releases/assets/290080948"

[tools."aqua:charmbracelet/gum"."platforms.macos-x64"]
checksum = "sha256:cd66576aeebe6cd19c771863c7e8d696e0e1d5387d1e7075666baa67c2052e53"
url = "https://github.com/charmbracelet/gum/releases/download/v0.17.0/gum_0.17.0_Darwin_x86_64.tar.gz"
url_api = "https://api.github.com/repos/charmbracelet/gum/releases/assets/290080970"

[tools."aqua:charmbracelet/gum"."platforms.windows-x64"]
checksum = "sha256:b2be80531c6babc8d4e0e6ca95773d58118a2e1582ae006aace08dbc55503072"
url = "https://github.com/charmbracelet/gum/releases/download/v0.17.0/gum_0.17.0_Windows_x86_64.zip"
url_api = "https://api.github.com/repos/charmbracelet/gum/releases/assets/290080922"

[[tools."aqua:cli/cli"]]
version = "2.87.3"
backend = "aqua:cli/cli"
specifiers = ["latest"]

[tools."aqua:cli/cli"."platforms.linux-arm64"]
checksum = "sha256:5f5d89563bf26751e2173b37e594065504e85b6b781c1f1832d24bf2c2b4554f"
url = "https://github.com/cli/cli/releases/download/v2.87.3/gh_2.87.3_linux_arm64.tar.gz"
url_api = "https://api.github.com/repos/cli/cli/releases/assets/360964175"
provenance = "github-attestations"

[tools."aqua:cli/cli"."platforms.linux-arm64-musl"]
checksum = "sha256:5f5d89563bf26751e2173b37e594065504e85b6b781c1f1832d24bf2c2b4554f"
url = "https://github.com/cli/cli/releases/download/v2.87.3/gh_2.87.3_linux_arm64.tar.gz"
url_api = "https://api.github.com/repos/cli/cli/releases/assets/360964175"
provenance = "github-attestations"

[tools."aqua:cli/cli"."platforms.linux-x64"]
checksum = "sha256:c6e5537631fca45f277ef405ce8751d139b491e9402cc20891a003525a8773b2"
url = "https://github.com/cli/cli/releases/download/v2.87.3/gh_2.87.3_linux_amd64.tar.gz"
url_api = "https://api.github.com/repos/cli/cli/releases/assets/360964172"
provenance = "github-attestations"

[tools."aqua:cli/cli"."platforms.linux-x64-musl"]
checksum = "sha256:c6e5537631fca45f277ef405ce8751d139b491e9402cc20891a003525a8773b2"
url = "https://github.com/cli/cli/releases/download/v2.87.3/gh_2.87.3_linux_amd64.tar.gz"
url_api = "https://api.github.com/repos/cli/cli/releases/assets/360964172"
provenance = "github-attestations"

[tools."aqua:cli/cli"."platforms.macos-arm64"]
checksum = "sha256:dedfc6f569e9dbc5b92d47dce44acadbdf5b6b7a861510db0c748dfac55002f6"
url = "https://github.com/cli/cli/releases/download/v2.87.3/gh_2.87.3_macOS_arm64.zip"
url_api = "https://api.github.com/repos/cli/cli/releases/assets/360964196"
provenance = "github-attestations"

[tools."aqua:cli/cli"."platforms.macos-x64"]
checksum = "sha256:7b8d5495fe9689494b1c69559c0d28209bc057bb028008e903ec4b3e19bd8c75"
url = "https://github.com/cli/cli/releases/download/v2.87.3/gh_2.87.3_macOS_amd64.zip"
url_api = "https://api.github.com/repos/cli/cli/releases/assets/360964194"
provenance = "github-attestations"

[tools."aqua:cli/cli"."platforms.windows-x64"]
checksum = "sha256:c590bcb488f80a85c8febd5cde27edd68fdd481bd004aaf9adc50dcf1b21c09c"
url = "https://github.com/cli/cli/releases/download/v2.87.3/gh_2.87.3_windows_amd64.zip"
url_api = "https://api.github.com/repos/cli/cli/releases/assets/360964210"
provenance = "github-attestations"

[[tools."aqua:direnv/direnv"]]
version = "2.37.1"
backend = "aqua:direnv/direnv"
specifiers = ["latest"]

[tools."aqua:direnv/direnv"."platforms.linux-arm64"]
checksum = "sha256:2a9cef8d73521d6a3ec3f2871c4b747b8c4cc038628c1b57a7efa42b393a2d82"
url = "https://github.com/direnv/direnv/releases/download/v2.37.1/direnv.linux-arm64"
url_api = "https://api.github.com/repos/direnv/direnv/releases/assets/274610549"

[tools."aqua:direnv/direnv"."platforms.linux-arm64-musl"]
checksum = "sha256:2a9cef8d73521d6a3ec3f2871c4b747b8c4cc038628c1b57a7efa42b393a2d82"
url = "https://github.com/direnv/direnv/releases/download/v2.37.1/direnv.linux-arm64"
url_api = "https://api.github.com/repos/direnv/direnv/releases/assets/274610549"

[tools."aqua:direnv/direnv"."platforms.linux-x64"]
checksum = "sha256:1f1b93dd6f38523fde26dfac96151ef9d31a374e3005cd3345fb93555ae0c9b5"
url = "https://github.com/direnv/direnv/releases/download/v2.37.1/direnv.linux-amd64"
url_api = "https://api.github.com/repos/direnv/direnv/releases/assets/274610548"

[tools."aqua:direnv/direnv"."platforms.linux-x64-musl"]
checksum = "sha256:1f1b93dd6f38523fde26dfac96151ef9d31a374e3005cd3345fb93555ae0c9b5"
url = "https://github.com/direnv/direnv/releases/download/v2.37.1/direnv.linux-amd64"
url_api = "https://api.github.com/repos/direnv/direnv/releases/assets/274610548"

[tools."aqua:direnv/direnv"."platforms.macos-arm64"]
checksum = "sha256:4f569f3a36732bfd8b8fea7bfcc6ad87a59745c109022164d0ca4832451d5369"
url = "https://github.com/direnv/direnv/releases/download/v2.37.1/direnv.darwin-arm64"
url_api = "https://api.github.com/repos/direnv/direnv/releases/assets/274610544"

[tools."aqua:direnv/direnv"."platforms.macos-x64"]
checksum = "sha256:24fb9ce48b563d7e9fbdd3a4e3e836941654a31ce3e67eba9eaafc3dcd8ae73b"
url = "https://github.com/direnv/direnv/releases/download/v2.37.1/direnv.darwin-amd64"
url_api = "https://api.github.com/repos/direnv/direnv/releases/assets/274610540"

[tools."aqua:direnv/direnv"."platforms.windows-x64"]
checksum = "sha256:d96fc8b7cf020c2d4c1dbbc2ccec5fd1cab05b51c491f02c8527a7fa6c50a1cd"
url = "https://github.com/direnv/direnv/releases/download/v2.37.1/direnv.windows-amd64"
url_api = "https://api.github.com/repos/direnv/direnv/releases/assets/274610569"

[[tools."aqua:herdrdev/herdr"]]
version = "0.8.2"
backend = "aqua:herdrdev/herdr"
specifiers = ["latest"]

[tools."aqua:herdrdev/herdr"."platforms.linux-arm64"]
checksum = "sha256:f55610658e1c2e0d2aaef730b4b2ab885f7f8ba00285ab372bfb14f2e3d5b40d"
url = "https://github.com/herdrdev/herdr/releases/download/v0.8.2/herdr-linux-aarch64"
url_api = "https://api.github.com/repos/herdrdev/herdr/releases/assets/521169113"

[tools."aqua:herdrdev/herdr"."platforms.linux-arm64-musl"]
checksum = "sha256:f55610658e1c2e0d2aaef730b4b2ab885f7f8ba00285ab372bfb14f2e3d5b40d"
url = "https://github.com/herdrdev/herdr/releases/download/v0.8.2/herdr-linux-aarch64"
url_api = "https://api.github.com/repos/herdrdev/herdr/releases/assets/521169113"

[tools."aqua:herdrdev/herdr"."platforms.linux-x64"]
checksum = "sha256:976150a14d490c94b243ea2e1a7eb2dfb67f12e36b182db90936f6728e6aecf4"
url = "https://github.com/herdrdev/herdr/releases/download/v0.8.2/herdr-linux-x86_64"
url_api = "https://api.github.com/repos/herdrdev/herdr/releases/assets/521169107"

[tools."aqua:herdrdev/herdr"."platforms.linux-x64-musl"]
checksum = "sha256:976150a14d490c94b243ea2e1a7eb2dfb67f12e36b182db90936f6728e6aecf4"
url = "https://github.com/herdrdev/herdr/releases/download/v0.8.2/herdr-linux-x86_64"
url_api = "https://api.github.com/repos/herdrdev/herdr/releases/assets/521169107"

[tools."aqua:herdrdev/herdr"."platforms.macos-arm64"]
checksum = "sha256:a5d4f4d504d8b309c91f811050559300faba31258425f53c50852fc96f6ae574"
url = "https://github.com/herdrdev/herdr/releases/download/v0.8.2/herdr-macos-aarch64"
url_api = "https://api.github.com/repos/herdrdev/herdr/releases/assets/521169108"

[tools."aqua:herdrdev/herdr"."platforms.macos-x64"]
checksum = "sha256:ab50262c8190cd7aa9056d249d255c08c328c3e8716de9cfa29db4f131b8e2c1"
url = "https://github.com/herdrdev/herdr/releases/download/v0.8.2/herdr-macos-x86_64"
url_api = "https://api.github.com/repos/herdrdev/herdr/releases/assets/521169110"

[tools."aqua:herdrdev/herdr"."platforms.windows-x64"]
checksum = "sha256:0ab3d0fe1434d55757997542b978c771d642987bb15a7130f4160f0db38821d5"
url = "https://github.com/herdrdev/herdr/releases/download/v0.8.2/herdr-windows-x86_64.zip"
url_api = "https://api.github.com/repos/herdrdev/herdr/releases/assets/521169109"

[[tools."aqua:junegunn/fzf"]]
version = "0.70.0"
backend = "aqua:junegunn/fzf"
specifiers = ["latest"]

[tools."aqua:junegunn/fzf"."platforms.linux-arm64"]
checksum = "sha256:90a07a13b61f56dd59ccfd0f0bf05070e9cec067713d313fa2607aab2dc0e422"
url = "https://github.com/junegunn/fzf/releases/download/v0.70.0/fzf-0.70.0-linux_arm64.tar.gz"
url_api = "https://api.github.com/repos/junegunn/fzf/releases/assets/365142642"

[tools."aqua:junegunn/fzf"."platforms.linux-arm64-musl"]
checksum = "sha256:90a07a13b61f56dd59ccfd0f0bf05070e9cec067713d313fa2607aab2dc0e422"
url = "https://github.com/junegunn/fzf/releases/download/v0.70.0/fzf-0.70.0-linux_arm64.tar.gz"
url_api = "https://api.github.com/repos/junegunn/fzf/releases/assets/365142642"

[tools."aqua:junegunn/fzf"."platforms.linux-x64"]
checksum = "sha256:8fd0e0b93bdf64ba90081ffb6658d77ea5a024c122b36852b1de30f9d2733754"
url = "https://github.com/junegunn/fzf/releases/download/v0.70.0/fzf-0.70.0-linux_amd64.tar.gz"
url_api = "https://api.github.com/repos/junegunn/fzf/releases/assets/365142637"

[tools."aqua:junegunn/fzf"."platforms.linux-x64-musl"]
checksum = "sha256:8fd0e0b93bdf64ba90081ffb6658d77ea5a024c122b36852b1de30f9d2733754"
url = "https://github.com/junegunn/fzf/releases/download/v0.70.0/fzf-0.70.0-linux_amd64.tar.gz"
url_api = "https://api.github.com/repos/junegunn/fzf/releases/assets/365142637"

[tools."aqua:junegunn/fzf"."platforms.macos-arm64"]
checksum = "sha256:75f4905c2e3d00666d81dffdd001bb2a9a8e0ad4e4ac8cecfc17a7401b99e6e4"
url = "https://github.com/junegunn/fzf/releases/download/v0.70.0/fzf-0.70.0-darwin_arm64.tar.gz"
url_api = "https://api.github.com/repos/junegunn/fzf/releases/assets/365142661"

[tools."aqua:junegunn/fzf"."platforms.macos-x64"]
checksum = "sha256:46af74cfeb171c5e2eb936096a653061a0de0f5aeb70319bf9935d8d193e078f"
url = "https://github.com/junegunn/fzf/releases/download/v0.70.0/fzf-0.70.0-darwin_amd64.tar.gz"
url_api = "https://api.github.com/repos/junegunn/fzf/releases/assets/365142662"

[tools."aqua:junegunn/fzf"."platforms.windows-x64"]
checksum = "sha256:7465a6738e2c844742df973459c7509aed2d10d7a72bfd6de201b867b4eda4cd"
url = "https://github.com/junegunn/fzf/releases/download/v0.70.0/fzf-0.70.0-windows_amd64.zip"
url_api = "https://api.github.com/repos/junegunn/fzf/releases/assets/365142647"

[[tools."aqua:rossmacarthur/sheldon"]]
version = "0.8.5"
backend = "aqua:rossmacarthur/sheldon"
specifiers = ["latest"]

[tools."aqua:rossmacarthur/sheldon"."platforms.linux-arm64"]
checksum = "sha256:1f6b792e49e259f7c313e9921c8d4ad638d827abc2c023efe0588a55678f9a3e"
url = "https://github.com/rossmacarthur/sheldon/releases/download/0.8.5/sheldon-0.8.5-aarch64-unknown-linux-musl.tar.gz"
url_api = "https://api.github.com/repos/rossmacarthur/sheldon/releases/assets/275183538"

[tools."aqua:rossmacarthur/sheldon"."platforms.linux-arm64-musl"]
checksum = "sha256:1f6b792e49e259f7c313e9921c8d4ad638d827abc2c023efe0588a55678f9a3e"
url = "https://github.com/rossmacarthur/sheldon/releases/download/0.8.5/sheldon-0.8.5-aarch64-unknown-linux-musl.tar.gz"
url_api = "https://api.github.com/repos/rossmacarthur/sheldon/releases/assets/275183538"

[tools."aqua:rossmacarthur/sheldon"."platforms.linux-x64"]
checksum = "sha256:80aa0be617072c278d67fd6c5fbce4903d3801d78b6abf8f058f0648d2242c78"
url = "https://github.com/rossmacarthur/sheldon/releases/download/0.8.5/sheldon-0.8.5-x86_64-unknown-linux-musl.tar.gz"
url_api = "https://api.github.com/repos/rossmacarthur/sheldon/releases/assets/275183514"

[tools."aqua:rossmacarthur/sheldon"."platforms.linux-x64-musl"]
checksum = "sha256:80aa0be617072c278d67fd6c5fbce4903d3801d78b6abf8f058f0648d2242c78"
url = "https://github.com/rossmacarthur/sheldon/releases/download/0.8.5/sheldon-0.8.5-x86_64-unknown-linux-musl.tar.gz"
url_api = "https://api.github.com/repos/rossmacarthur/sheldon/releases/assets/275183514"

[tools."aqua:rossmacarthur/sheldon"."platforms.macos-arm64"]
checksum = "sha256:6e47f10a25f165b095eb2bde1ab617d4d34ad6f3ff2ca984167ca94fadd52730"
url = "https://github.com/rossmacarthur/sheldon/releases/download/0.8.5/sheldon-0.8.5-aarch64-apple-darwin.tar.gz"
url_api = "https://api.github.com/repos/rossmacarthur/sheldon/releases/assets/275183435"

[[tools."aqua:starship/starship"]]
version = "1.24.2"
backend = "aqua:starship/starship"
specifiers = ["latest"]

[tools."aqua:starship/starship"."platforms.linux-arm64"]
checksum = "sha256:56b9ff412bbf374d29b99e5ac09a849124cb37a0a13121e8470df32de53c1ea6"
url = "https://github.com/starship/starship/releases/download/v1.24.2/starship-aarch64-unknown-linux-musl.tar.gz"
url_api = "https://api.github.com/repos/starship/starship/releases/assets/334568404"

[tools."aqua:starship/starship"."platforms.linux-arm64-musl"]
checksum = "sha256:56b9ff412bbf374d29b99e5ac09a849124cb37a0a13121e8470df32de53c1ea6"
url = "https://github.com/starship/starship/releases/download/v1.24.2/starship-aarch64-unknown-linux-musl.tar.gz"
url_api = "https://api.github.com/repos/starship/starship/releases/assets/334568404"

[tools."aqua:starship/starship"."platforms.linux-x64"]
checksum = "sha256:3f12f61883ff324c1dbe7b885fa125d5490960e5cad6a12eeaa34695ec1b5744"
url = "https://github.com/starship/starship/releases/download/v1.24.2/starship-x86_64-unknown-linux-gnu.tar.gz"
url_api = "https://api.github.com/repos/starship/starship/releases/assets/334568392"

[tools."aqua:starship/starship"."platforms.linux-x64-musl"]
checksum = "sha256:00ff3c1f8ffb59b5c15d4b44c076bcca04d92cf0055c86b916248c14f3ae714a"
url = "https://github.com/starship/starship/releases/download/v1.24.2/starship-x86_64-unknown-linux-musl.tar.gz"
url_api = "https://api.github.com/repos/starship/starship/releases/assets/334568387"

[tools."aqua:starship/starship"."platforms.macos-arm64"]
checksum = "sha256:d3a0da21374962625a2ee992110979bc1fa33424d7b6aea58a70405e26544fd9"
url = "https://github.com/starship/starship/releases/download/v1.24.2/starship-aarch64-apple-darwin.tar.gz"
url_api = "https://api.github.com/repos/starship/starship/releases/assets/334568411"

[tools."aqua:starship/starship"."platforms.macos-x64"]
checksum = "sha256:237beb10cc970c4361536e9f9f434dfed755f8282c5cd951b6a7e3fcbda8e779"
url = "https://github.com/starship/starship/releases/download/v1.24.2/starship-x86_64-apple-darwin.tar.gz"
url_api = "https://api.github.com/repos/starship/starship/releases/assets/334568409"

[tools."aqua:starship/starship"."platforms.windows-x64"]
checksum = "sha256:d38424c595320e9639a276666347d5e44cb004de3972f40b9a5a1a6b88537f29"
url = "https://github.com/starship/starship/releases/download/v1.24.2/starship-x86_64-pc-windows-msvc.zip"
url_api = "https://api.github.com/repos/starship/starship/releases/assets/334568406"

[[tools."cargo:cctx"]]
version = "0.1.6"
backend = "cargo:cctx"
specifiers = ["latest"]

[[tools."github:max-sixty/worktrunk"]]
version = "0.28.1"
backend = "github:max-sixty/worktrunk"
specifiers = ["latest"]

[tools."github:max-sixty/worktrunk"."platforms.linux-arm64"]
checksum = "sha256:da78884a4403912b9abd54cbad2715efea4c3d216eb7ca3080387f99c885a0b1"
url = "https://github.com/max-sixty/worktrunk/releases/download/v0.28.1/worktrunk-aarch64-unknown-linux-musl.tar.xz"
url_api = "https://api.github.com/repos/max-sixty/worktrunk/releases/assets/364023407"

[tools."github:max-sixty/worktrunk"."platforms.linux-arm64-musl"]
checksum = "sha256:da78884a4403912b9abd54cbad2715efea4c3d216eb7ca3080387f99c885a0b1"
url = "https://github.com/max-sixty/worktrunk/releases/download/v0.28.1/worktrunk-aarch64-unknown-linux-musl.tar.xz"
url_api = "https://api.github.com/repos/max-sixty/worktrunk/releases/assets/364023407"

[tools."github:max-sixty/worktrunk"."platforms.linux-x64"]
checksum = "sha256:978620acbf49409da6c4c3ee9145886e0ceb106fbd69b10ed04859e9db1a9945"
url = "https://github.com/max-sixty/worktrunk/releases/download/v0.28.1/worktrunk-x86_64-unknown-linux-musl.tar.xz"
url_api = "https://api.github.com/repos/max-sixty/worktrunk/releases/assets/364023418"

[tools."github:max-sixty/worktrunk"."platforms.linux-x64-musl"]
checksum = "sha256:978620acbf49409da6c4c3ee9145886e0ceb106fbd69b10ed04859e9db1a9945"
url = "https://github.com/max-sixty/worktrunk/releases/download/v0.28.1/worktrunk-x86_64-unknown-linux-musl.tar.xz"
url_api = "https://api.github.com/repos/max-sixty/worktrunk/releases/assets/364023418"

[tools."github:max-sixty/worktrunk"."platforms.macos-arm64"]
checksum = "sha256:10731a850214dc4114d37a788e075a9c97123dc88841537c617c7118965c5cb7"
url = "https://github.com/max-sixty/worktrunk/releases/download/v0.28.1/worktrunk-aarch64-apple-darwin.tar.xz"
url_api = "https://api.github.com/repos/max-sixty/worktrunk/releases/assets/364023401"

[tools."github:max-sixty/worktrunk"."platforms.macos-x64"]
checksum = "sha256:4b515496e98467028791fc1ab672ab608a6bb638f7fb16b2c78f7e9399d638ac"
url = "https://github.com/max-sixty/worktrunk/releases/download/v0.28.1/worktrunk-x86_64-apple-darwin.tar.xz"
url_api = "https://api.github.com/repos/max-sixty/worktrunk/releases/assets/364023413"

[tools."github:max-sixty/worktrunk"."platforms.windows-x64"]
checksum = "sha256:3320a7a3ff485c37541636bc4149f2c1123b7361c1320c355e6b8d2b769d3474"
url = "https://github.com/max-sixty/worktrunk/releases/download/v0.28.1/worktrunk-x86_64-pc-windows-msvc.zip"
url_api = "https://api.github.com/repos/max-sixty/worktrunk/releases/assets/364023415"

[[tools.node]]
version = "22.14.0"
backend = "core:node"
specifiers = ["latest"]

[tools.node."platforms.linux-arm64"]
checksum = "sha256:8cf30ff7250f9463b53c18f89c6c606dfda70378215b2c905d0a9a8b08bd45e0"
url = "https://nodejs.org/dist/v22.14.0/node-v22.14.0-linux-arm64.tar.gz"

[tools.node."platforms.linux-arm64-musl"]
checksum = "sha256:6c4e31ed5702dc45cfd8c435af56a36a474427e1bd7afe74c346136060beba8a"
url = "https://nodejs.org/dist/v22.14.0/node-v22.14.0.tar.gz"
install = "source"

[tools.node."platforms.linux-x64"]
checksum = "sha256:9d942932535988091034dc94cc5f42b6dc8784d6366df3a36c4c9ccb3996f0c2"
url = "https://nodejs.org/dist/v22.14.0/node-v22.14.0-linux-x64.tar.gz"

[tools.node."platforms.linux-x64-musl"]
checksum = "sha256:6b50f327fd5053b5e4ba67de4bf93aa23653d8a9de39bd6f905f839069c7933d"
url = "https://unofficial-builds.nodejs.org/download/release/v22.14.0/node-v22.14.0-linux-x64-musl.tar.gz"

[tools.node."platforms.macos-arm64"]
checksum = "sha256:e9404633bc02a5162c5c573b1e2490f5fb44648345d64a958b17e325729a5e42"
url = "https://nodejs.org/dist/v22.14.0/node-v22.14.0-darwin-arm64.tar.gz"

[tools.node."platforms.macos-x64"]
checksum = "sha256:6698587713ab565a94a360e091df9f6d91c8fadda6d00f0cf6526e9b40bed250"
url = "https://nodejs.org/dist/v22.14.0/node-v22.14.0-darwin-x64.tar.gz"

[tools.node."platforms.windows-x64"]
checksum = "sha256:55b639295920b219bb2acbcfa00f90393a2789095b7323f79475c9f34795f217"
url = "https://nodejs.org/dist/v22.14.0/node-v22.14.0-win-x64.zip"

[[tools.pnpm]]
version = "10.30.2"
backend = "aqua:pnpm/pnpm"
specifiers = ["latest"]

[tools.pnpm."platforms.linux-arm64"]
checksum = "sha256:bc25fcce6c05ea551d78d2b72c85b8068df569f93fdc15f7f6acc00288024eff"
url = "https://github.com/pnpm/pnpm/releases/download/v10.30.2/pnpm-linux-arm64"
url_api = "https://api.github.com/repos/pnpm/pnpm/releases/assets/361103462"

[tools.pnpm."platforms.linux-arm64-musl"]
checksum = "sha256:bc25fcce6c05ea551d78d2b72c85b8068df569f93fdc15f7f6acc00288024eff"
url = "https://github.com/pnpm/pnpm/releases/download/v10.30.2/pnpm-linux-arm64"
url_api = "https://api.github.com/repos/pnpm/pnpm/releases/assets/361103462"

[tools.pnpm."platforms.linux-x64"]
checksum = "sha256:8e0953608faa1df32187e7a8ff73e2c148b28b52c3860e9bde0c13d08da38bc9"
url = "https://github.com/pnpm/pnpm/releases/download/v10.30.2/pnpm-linux-x64"
url_api = "https://api.github.com/repos/pnpm/pnpm/releases/assets/361103464"

[tools.pnpm."platforms.linux-x64-musl"]
checksum = "sha256:8e0953608faa1df32187e7a8ff73e2c148b28b52c3860e9bde0c13d08da38bc9"
url = "https://github.com/pnpm/pnpm/releases/download/v10.30.2/pnpm-linux-x64"
url_api = "https://api.github.com/repos/pnpm/pnpm/releases/assets/361103464"

[tools.pnpm."platforms.macos-arm64"]
checksum = "sha256:96f7968c82559ba7ecd279171491fd505d57a39f87d23cd0fe3d3e0781bae311"
url = "https://github.com/pnpm/pnpm/releases/download/v10.30.2/pnpm-macos-arm64"
url_api = "https://api.github.com/repos/pnpm/pnpm/releases/assets/361103458"

[tools.pnpm."platforms.macos-x64"]
checksum = "sha256:1b849e6504b39c2b5a88280830ba59458e892650202dd145d8355394d4df9532"
url = "https://github.com/pnpm/pnpm/releases/download/v10.30.2/pnpm-macos-x64"
url_api = "https://api.github.com/repos/pnpm/pnpm/releases/assets/361103460"

[tools.pnpm."platforms.windows-x64"]
checksum = "sha256:221539af99803423bca5b53e3e1276ab1b23fed35c2c4cdd55501ebe5991a1be"
url = "https://github.com/pnpm/pnpm/releases/download/v10.30.2/pnpm-win-x64.exe"
url_api = "https://api.github.com/repos/pnpm/pnpm/releases/assets/361103459"

[[tools.python]]
version = "3.14.6"
backend = "core:python"
specifiers = ["latest"]

[tools.python."platforms.linux-arm64"]
checksum = "sha256:8ad1ec529cd1708245e8661a463245fc1479c43cbfd66e58b095456ebf77180a"
url = "https://github.com/astral-sh/python-build-standalone/releases/download/20260804/cpython-3.14.6+20260804-aarch64-unknown-linux-gnu-install_only_stripped.tar.gz"
provenance = "github-attestations"

[tools.python."platforms.linux-arm64-musl"]
checksum = "sha256:85dbb537dc5d6679edabfb61cefdf2511d26cb8669662c4563202b0990e79b4a"
url = "https://github.com/astral-sh/python-build-standalone/releases/download/20260804/cpython-3.14.6+20260804-aarch64-unknown-linux-musl-install_only_stripped.tar.gz"
provenance = "github-attestations"

[tools.python."platforms.linux-x64"]
checksum = "sha256:ba960817e542642021135db330d875f410f4e14c64a62e2ae5faf3697ada08b2"
url = "https://github.com/astral-sh/python-build-standalone/releases/download/20260804/cpython-3.14.6+20260804-x86_64-unknown-linux-gnu-install_only_stripped.tar.gz"
provenance = "github-attestations"

[tools.python."platforms.linux-x64-musl"]
checksum = "sha256:cbedbddcc6b2de99310015e629df67aeb732f622bbf258ec5d310757f85ab7ac"
url = "https://github.com/astral-sh/python-build-standalone/releases/download/20260804/cpython-3.14.6+20260804-x86_64-unknown-linux-musl-install_only_stripped.tar.gz"
provenance = "github-attestations"

[tools.python."platforms.macos-arm64"]
checksum = "sha256:e0d4e5066aef3248c22e08a07546bfd5edeaca904c91fadc296be720998ec2ec"
url = "https://github.com/astral-sh/python-build-standalone/releases/download/20260804/cpython-3.14.6+20260804-aarch64-apple-darwin-install_only_stripped.tar.gz"
provenance = "github-attestations"

[tools.python."platforms.macos-x64"]
checksum = "sha256:78ded4c4f0b6a931240f09bd20608533bb40dd71c1ff953c7267359075ca8b16"
url = "https://github.com/astral-sh/python-build-standalone/releases/download/20260804/cpython-3.14.6+20260804-x86_64-apple-darwin-install_only_stripped.tar.gz"
provenance = "github-attestations"

[tools.python."platforms.windows-x64"]
checksum = "sha256:ada613a2af32c04cf7c54726243c56d76f0e59f5f61d2f28371d3b9d8efad566"
url = "https://github.com/astral-sh/python-build-standalone/releases/download/20260804/cpython-3.14.6+20260804-x86_64-pc-windows-msvc-install_only_stripped.tar.gz"
provenance = "github-attestations"

[[tools.rust]]
version = "stable"
backend = "core:rust"
specifiers = ["latest"]
